// !$*UTF8*$!
{
	archiveVersion = 1;
	classes = {
	};
	objectVersion = 46;
	objects = {

/* Begin PBXBuildFile section */
		6C4944AF14FD21C200481A91 /* InfoPlist.strings in Resources */ = {isa = PBXBuildFile; fileRef = 6C4944AD14FD21C200481A91 /* InfoPlist.strings */; };
		6C4944C714FD236400481A91 /* Tuple.h in Headers */ = {isa = PBXBuildFile; fileRef = 6C4944C614FD236400481A91 /* Tuple.h */; settings = {ATTRIBUTES = (Public, ); }; };
		6C4944CA14FD23F800481A91 /* Array.h in Headers */ = {isa = PBXBuildFile; fileRef = 6C4944C814FD23B100481A91 /* Array.h */; settings = {ATTRIBUTES = (Public, ); }; };
		6C4944CB14FD23FC00481A91 /* Core.h in Headers */ = {isa = PBXBuildFile; fileRef = 6C4944C914FD23E700481A91 /* Core.h */; settings = {ATTRIBUTES = (Public, ); }; };
		6C4944D414FD240F00481A91 /* main.cpp in Sources */ = {isa = PBXBuildFile; fileRef = 6C4944D314FD240F00481A91 /* main.cpp */; };
		6C4944D614FD240F00481A91 /* Test.1 in CopyFiles */ = {isa = PBXBuildFile; fileRef = 6C4944D514FD240F00481A91 /* Test.1 */; };
		6C4944DA14FD242200481A91 /* DAccL.framework in Frameworks */ = {isa = PBXBuildFile; fileRef = 6C4944A114FD21C200481A91 /* DAccL.framework */; };
		6C4944DD14FD24E300481A91 /* libgcc.a in Frameworks */ = {isa = PBXBuildFile; fileRef = 6C4944DB14FD24E300481A91 /* libgcc.a */; };
		6C4944E014FD250000481A91 /* libgfortran.a in Frameworks */ = {isa = PBXBuildFile; fileRef = 6C4944DF14FD250000481A91 /* libgfortran.a */; };
		6C4944E414FD534C00481A91 /* System.h in Headers */ = {isa = PBXBuildFile; fileRef = 6C4944E314FD534C00481A91 /* System.h */; settings = {ATTRIBUTES = (Public, ); }; };
		6CD27E05150FBF6A009960B9 /* daux.o in Frameworks */ = {isa = PBXBuildFile; fileRef = 6CD27DFF150FBF5C009960B9 /* daux.o */; };
		6CD27E06150FBF6C009960B9 /* ddassl.o in Frameworks */ = {isa = PBXBuildFile; fileRef = 6CD27E00150FBF5C009960B9 /* ddassl.o */; };
		6CD27E07150FBF70009960B9 /* dlinpk.o in Frameworks */ = {isa = PBXBuildFile; fileRef = 6CD27E01150FBF5C009960B9 /* dlinpk.o */; };
/* End PBXBuildFile section */

/* Begin PBXCopyFilesBuildPhase section */
		6C4944CE14FD240F00481A91 /* CopyFiles */ = {
			isa = PBXCopyFilesBuildPhase;
			buildActionMask = 2147483647;
			dstPath = /usr/share/man/man1/;
			dstSubfolderSpec = 0;
			files = (
				6C4944D614FD240F00481A91 /* Test.1 in CopyFiles */,
			);
			runOnlyForDeploymentPostprocessing = 1;
		};
/* End PBXCopyFilesBuildPhase section */

/* Begin PBXFileReference section */
		6C4944A114FD21C200481A91 /* DAccL.framework */ = {isa = PBXFileReference; explicitFileType = wrapper.framework; includeInIndex = 0; path = DAccL.framework; sourceTree = BUILT_PRODUCTS_DIR; };
		6C4944AC14FD21C200481A91 /* DAccL-Info.plist */ = {isa = PBXFileReference; lastKnownFileType = text.plist.xml; path = "DAccL-Info.plist"; sourceTree = "<group>"; };
		6C4944AE14FD21C200481A91 /* en */ = {isa = PBXFileReference; lastKnownFileType = text.plist.strings; name = en; path = en.lproj/InfoPlist.strings; sourceTree = "<group>"; };
		6C4944B014FD21C200481A91 /* DAccL-Prefix.pch */ = {isa = PBXFileReference; lastKnownFileType = sourcecode.c.h; path = "DAccL-Prefix.pch"; sourceTree = "<group>"; };
		6C4944C614FD236400481A91 /* Tuple.h */ = {isa = PBXFileReference; fileEncoding = 4; lastKnownFileType = sourcecode.c.h; path = Tuple.h; sourceTree = "<group>"; };
		6C4944C814FD23B100481A91 /* Array.h */ = {isa = PBXFileReference; lastKnownFileType = sourcecode.c.h; path = Array.h; sourceTree = "<group>"; };
		6C4944C914FD23E700481A91 /* Core.h */ = {isa = PBXFileReference; lastKnownFileType = sourcecode.c.h; path = Core.h; sourceTree = "<group>"; };
		6C4944D014FD240F00481A91 /* Test */ = {isa = PBXFileReference; explicitFileType = "compiled.mach-o.executable"; includeInIndex = 0; path = Test; sourceTree = BUILT_PRODUCTS_DIR; };
		6C4944D314FD240F00481A91 /* main.cpp */ = {isa = PBXFileReference; lastKnownFileType = sourcecode.cpp.cpp; path = main.cpp; sourceTree = "<group>"; };
		6C4944D514FD240F00481A91 /* Test.1 */ = {isa = PBXFileReference; lastKnownFileType = text.man; path = Test.1; sourceTree = "<group>"; };
		6C4944DB14FD24E300481A91 /* libgcc.a */ = {isa = PBXFileReference; lastKnownFileType = archive.ar; name = libgcc.a; path = "../../../../usr/local/Cellar/gfortran/4.2.4-5666.3/lib/gcc/i686-apple-darwin11/4.2.1/libgcc.a"; sourceTree = "<group>"; };
		6C4944DC14FD24E300481A91 /* libgfortranbegin.a */ = {isa = PBXFileReference; lastKnownFileType = archive.ar; name = libgfortranbegin.a; path = "../../../../usr/local/Cellar/gfortran/4.2.4-5666.3/lib/gcc/i686-apple-darwin11/4.2.1/libgfortranbegin.a"; sourceTree = "<group>"; };
		6C4944DF14FD250000481A91 /* libgfortran.a */ = {isa = PBXFileReference; lastKnownFileType = archive.ar; name = libgfortran.a; path = "../../../../usr/local/Cellar/gfortran/4.2.4-5666.3/lib/gcc/i686-apple-darwin11/4.2.1/libgfortran.a"; sourceTree = "<group>"; };
		6C4944E314FD534C00481A91 /* System.h */ = {isa = PBXFileReference; fileEncoding = 4; lastKnownFileType = sourcecode.c.h; path = System.h; sourceTree = "<group>"; };
		6C4944E514FE7E8100481A91 /* README.markdown */ = {isa = PBXFileReference; lastKnownFileType = text; path = README.markdown; sourceTree = "<group>"; };
		6CD27DF9150FBED1009960B9 /* makefile */ = {isa = PBXFileReference; lastKnownFileType = sourcecode.make; path = makefile; sourceTree = "<group>"; };
		6CD27DFC150FBF34009960B9 /* daux.f */ = {isa = PBXFileReference; lastKnownFileType = sourcecode.fortran; path = daux.f; sourceTree = "<group>"; };
		6CD27DFD150FBF34009960B9 /* ddassl.f */ = {isa = PBXFileReference; lastKnownFileType = sourcecode.fortran; path = ddassl.f; sourceTree = "<group>"; };
		6CD27DFE150FBF34009960B9 /* dlinpk.f */ = {isa = PBXFileReference; lastKnownFileType = sourcecode.fortran; path = dlinpk.f; sourceTree = "<group>"; };
		6CD27DFF150FBF5C009960B9 /* daux.o */ = {isa = PBXFileReference; lastKnownFileType = "compiled.mach-o.objfile"; path = daux.o; sourceTree = "<group>"; };
		6CD27E00150FBF5C009960B9 /* ddassl.o */ = {isa = PBXFileReference; lastKnownFileType = "compiled.mach-o.objfile"; path = ddassl.o; sourceTree = "<group>"; };
		6CD27E01150FBF5C009960B9 /* dlinpk.o */ = {isa = PBXFileReference; lastKnownFileType = "compiled.mach-o.objfile"; path = dlinpk.o; sourceTree = "<group>"; };
/* End PBXFileReference section */

/* Begin PBXFrameworksBuildPhase section */
		6C49449D14FD21C200481A91 /* Frameworks */ = {
			isa = PBXFrameworksBuildPhase;
			buildActionMask = 2147483647;
			files = (
				6C4944E014FD250000481A91 /* libgfortran.a in Frameworks */,
				6C4944DD14FD24E300481A91 /* libgcc.a in Frameworks */,
				6CD27E05150FBF6A009960B9 /* daux.o in Frameworks */,
				6CD27E06150FBF6C009960B9 /* ddassl.o in Frameworks */,
				6CD27E07150FBF70009960B9 /* dlinpk.o in Frameworks */,
			);
			runOnlyForDeploymentPostprocessing = 0;
		};
		6C4944CD14FD240F00481A91 /* Frameworks */ = {
			isa = PBXFrameworksBuildPhase;
			buildActionMask = 2147483647;
			files = (
				6C4944DA14FD242200481A91 /* DAccL.framework in Frameworks */,
			);
			runOnlyForDeploymentPostprocessing = 0;
		};
/* End PBXFrameworksBuildPhase section */

/* Begin PBXGroup section */
		6C49449514FD21C100481A91 = {
			isa = PBXGroup;
			children = (
				6C4944E514FE7E8100481A91 /* README.markdown */,
				6C4944DF14FD250000481A91 /* libgfortran.a */,
				6C4944DB14FD24E300481A91 /* libgcc.a */,
				6C4944DC14FD24E300481A91 /* libgfortranbegin.a */,
				6C4944AA14FD21C200481A91 /* DAccL */,
				6C4944D214FD240F00481A91 /* Test */,
				6C4944A314FD21C200481A91 /* Frameworks */,
				6C4944A214FD21C200481A91 /* Products */,
			);
			sourceTree = "<group>";
		};
		6C4944A214FD21C200481A91 /* Products */ = {
			isa = PBXGroup;
			children = (
				6C4944A114FD21C200481A91 /* DAccL.framework */,
				6C4944D014FD240F00481A91 /* Test */,
			);
			name = Products;
			sourceTree = "<group>";
		};
		6C4944A314FD21C200481A91 /* Frameworks */ = {
			isa = PBXGroup;
			children = (
			);
			name = Frameworks;
			sourceTree = "<group>";
		};
		6C4944AA14FD21C200481A91 /* DAccL */ = {
			isa = PBXGroup;
			children = (
				6CD27DFB150FBF34009960B9 /* DASSL */,
				6CD27DF9150FBED1009960B9 /* makefile */,
				6C4944C914FD23E700481A91 /* Core.h */,
				6C4944C814FD23B100481A91 /* Array.h */,
				6C4944C614FD236400481A91 /* Tuple.h */,
				6C4944E314FD534C00481A91 /* System.h */,
				6C4944AB14FD21C200481A91 /* Supporting Files */,
			);
			path = DAccL;
			sourceTree = "<group>";
		};
		6C4944AB14FD21C200481A91 /* Supporting Files */ = {
			isa = PBXGroup;
			children = (
				6C4944AC14FD21C200481A91 /* DAccL-Info.plist */,
				6C4944AD14FD21C200481A91 /* InfoPlist.strings */,
				6C4944B014FD21C200481A91 /* DAccL-Prefix.pch */,
			);
			name = "Supporting Files";
			sourceTree = "<group>";
		};
		6C4944D214FD240F00481A91 /* Test */ = {
			isa = PBXGroup;
			children = (
				6C4944D314FD240F00481A91 /* main.cpp */,
				6C4944D514FD240F00481A91 /* Test.1 */,
			);
			path = Test;
			sourceTree = "<group>";
		};
		6CD27DFB150FBF34009960B9 /* DASSL */ = {
			isa = PBXGroup;
			children = (
				6CD27DFF150FBF5C009960B9 /* daux.o */,
				6CD27E00150FBF5C009960B9 /* ddassl.o */,
				6CD27E01150FBF5C009960B9 /* dlinpk.o */,
				6CD27DFC150FBF34009960B9 /* daux.f */,
				6CD27DFD150FBF34009960B9 /* ddassl.f */,
				6CD27DFE150FBF34009960B9 /* dlinpk.f */,
			);
			path = DASSL;
			sourceTree = "<group>";
		};
/* End PBXGroup section */

/* Begin PBXHeadersBuildPhase section */
		6C49449E14FD21C200481A91 /* Headers */ = {
			isa = PBXHeadersBuildPhase;
			buildActionMask = 2147483647;
			files = (
				6C4944CB14FD23FC00481A91 /* Core.h in Headers */,
				6C4944CA14FD23F800481A91 /* Array.h in Headers */,
				6C4944C714FD236400481A91 /* Tuple.h in Headers */,
				6C4944E414FD534C00481A91 /* System.h in Headers */,
			);
			runOnlyForDeploymentPostprocessing = 0;
		};
/* End PBXHeadersBuildPhase section */

/* Begin PBXNativeTarget section */
		6C4944A014FD21C200481A91 /* DAccL */ = {
			isa = PBXNativeTarget;
			buildConfigurationList = 6C4944B614FD21C200481A91 /* Build configuration list for PBXNativeTarget "DAccL" */;
			buildPhases = (
				6C49449C14FD21C200481A91 /* Sources */,
				6C49449D14FD21C200481A91 /* Frameworks */,
				6C49449E14FD21C200481A91 /* Headers */,
				6C49449F14FD21C200481A91 /* Resources */,
			);
			buildRules = (
			);
			dependencies = (
			);
			name = DAccL;
			productName = DAccL;
			productReference = 6C4944A114FD21C200481A91 /* DAccL.framework */;
			productType = "com.apple.product-type.framework";
		};
		6C4944CF14FD240F00481A91 /* Test */ = {
			isa = PBXNativeTarget;
			buildConfigurationList = 6C4944D714FD240F00481A91 /* Build configuration list for PBXNativeTarget "Test" */;
			buildPhases = (
				6C4944CC14FD240F00481A91 /* Sources */,
				6C4944CD14FD240F00481A91 /* Frameworks */,
				6C4944CE14FD240F00481A91 /* CopyFiles */,
			);
			buildRules = (
			);
			dependencies = (
			);
			name = Test;
			productName = Test;
			productReference = 6C4944D014FD240F00481A91 /* Test */;
			productType = "com.apple.product-type.tool";
		};
/* End PBXNativeTarget section */

/* Begin PBXProject section */
		6C49449714FD21C100481A91 /* Project object */ = {
			isa = PBXProject;
			attributes = {
				LastUpgradeCheck = 0430;
				ORGANIZATIONNAME = "Memorial University";
			};
			buildConfigurationList = 6C49449A14FD21C100481A91 /* Build configuration list for PBXProject "DAccL" */;
			compatibilityVersion = "Xcode 3.2";
			developmentRegion = English;
			hasScannedForEncodings = 0;
			knownRegions = (
				en,
			);
			mainGroup = 6C49449514FD21C100481A91;
			productRefGroup = 6C4944A214FD21C200481A91 /* Products */;
			projectDirPath = "";
			projectRoot = "";
			targets = (
				6C4944A014FD21C200481A91 /* DAccL */,
				6C4944CF14FD240F00481A91 /* Test */,
			);
		};
/* End PBXProject section */

/* Begin PBXResourcesBuildPhase section */
		6C49449F14FD21C200481A91 /* Resources */ = {
			isa = PBXResourcesBuildPhase;
			buildActionMask = 2147483647;
			files = (
				6C4944AF14FD21C200481A91 /* InfoPlist.strings in Resources */,
			);
			runOnlyForDeploymentPostprocessing = 0;
		};
/* End PBXResourcesBuildPhase section */

/* Begin PBXSourcesBuildPhase section */
		6C49449C14FD21C200481A91 /* Sources */ = {
			isa = PBXSourcesBuildPhase;
			buildActionMask = 2147483647;
			files = (
			);
			runOnlyForDeploymentPostprocessing = 0;
		};
		6C4944CC14FD240F00481A91 /* Sources */ = {
			isa = PBXSourcesBuildPhase;
			buildActionMask = 2147483647;
			files = (
				6C4944D414FD240F00481A91 /* main.cpp in Sources */,
			);
			runOnlyForDeploymentPostprocessing = 0;
		};
/* End PBXSourcesBuildPhase section */

/* Begin PBXVariantGroup section */
		6C4944AD14FD21C200481A91 /* InfoPlist.strings */ = {
			isa = PBXVariantGroup;
			children = (
				6C4944AE14FD21C200481A91 /* en */,
			);
			name = InfoPlist.strings;
			sourceTree = "<group>";
		};
/* End PBXVariantGroup section */

/* Begin XCBuildConfiguration section */
		6C4944B414FD21C200481A91 /* Debug */ = {
			isa = XCBuildConfiguration;
			buildSettings = {
				ALWAYS_SEARCH_USER_PATHS = NO;
				ARCHS = "$(ARCHS_STANDARD_64_BIT)";
				COPY_PHASE_STRIP = NO;
				GCC_C_LANGUAGE_STANDARD = gnu99;
				GCC_DYNAMIC_NO_PIC = NO;
				GCC_ENABLE_OBJC_EXCEPTIONS = YES;
				GCC_OPTIMIZATION_LEVEL = 0;
				GCC_PREPROCESSOR_DEFINITIONS = (
					"DEBUG=1",
					"$(inherited)",
				);
				GCC_SYMBOLS_PRIVATE_EXTERN = NO;
				GCC_VERSION = com.apple.compilers.llvm.clang.1_0;
				GCC_WARN_64_TO_32_BIT_CONVERSION = YES;
				GCC_WARN_ABOUT_RETURN_TYPE = YES;
				GCC_WARN_UNINITIALIZED_AUTOS = YES;
				GCC_WARN_UNUSED_VARIABLE = YES;
				MACOSX_DEPLOYMENT_TARGET = 10.7;
				ONLY_ACTIVE_ARCH = YES;
				SDKROOT = macosx;
			};
			name = Debug;
		};
		6C4944B514FD21C200481A91 /* Release */ = {
			isa = XCBuildConfiguration;
			buildSettings = {
				ALWAYS_SEARCH_USER_PATHS = NO;
				ARCHS = "$(ARCHS_STANDARD_64_BIT)";
				COPY_PHASE_STRIP = YES;
				DEBUG_INFORMATION_FORMAT = "dwarf-with-dsym";
				GCC_C_LANGUAGE_STANDARD = gnu99;
				GCC_ENABLE_OBJC_EXCEPTIONS = YES;
				GCC_VERSION = com.apple.compilers.llvm.clang.1_0;
				GCC_WARN_64_TO_32_BIT_CONVERSION = YES;
				GCC_WARN_ABOUT_RETURN_TYPE = YES;
				GCC_WARN_UNINITIALIZED_AUTOS = YES;
				GCC_WARN_UNUSED_VARIABLE = YES;
				MACOSX_DEPLOYMENT_TARGET = 10.7;
				SDKROOT = macosx;
			};
			name = Release;
		};
		6C4944B714FD21C200481A91 /* Debug */ = {
			isa = XCBuildConfiguration;
			buildSettings = {
				ALWAYS_SEARCH_USER_PATHS = YES;
				ARCHS = "$(ARCHS_STANDARD_32_BIT)";
				DYLIB_COMPATIBILITY_VERSION = 1;
				DYLIB_CURRENT_VERSION = 1;
				FRAMEWORK_VERSION = A;
				GCC_PRECOMPILE_PREFIX_HEADER = YES;
				GCC_PREFIX_HEADER = "DAccL/DAccL-Prefix.pch";
				HEADER_SEARCH_PATHS = "";
				INFOPLIST_FILE = "DAccL/DAccL-Info.plist";
				LIBRARY_SEARCH_PATHS = (
					"$(inherited)",
					"\"/usr/local/Cellar/gfortran/4.2.4-5666.3/lib/gcc/i686-apple-darwin11/4.2.1\"",
				);
				PRODUCT_NAME = "$(TARGET_NAME)";
				USER_HEADER_SEARCH_PATHS = "";
				WRAPPER_EXTENSION = framework;
			};
			name = Debug;
		};
		6C4944B814FD21C200481A91 /* Release */ = {
			isa = XCBuildConfiguration;
			buildSettings = {
				ALWAYS_SEARCH_USER_PATHS = YES;
				ARCHS = "$(ARCHS_STANDARD_32_BIT)";
				DYLIB_COMPATIBILITY_VERSION = 1;
				DYLIB_CURRENT_VERSION = 1;
				FRAMEWORK_VERSION = A;
				GCC_PRECOMPILE_PREFIX_HEADER = YES;
				GCC_PREFIX_HEADER = "DAccL/DAccL-Prefix.pch";
				HEADER_SEARCH_PATHS = "";
				INFOPLIST_FILE = "DAccL/DAccL-Info.plist";
				LIBRARY_SEARCH_PATHS = (
					"$(inherited)",
					"\"/usr/local/Cellar/gfortran/4.2.4-5666.3/lib/gcc/i686-apple-darwin11/4.2.1\"",
				);
				ONLY_ACTIVE_ARCH = YES;
				PRODUCT_NAME = "$(TARGET_NAME)";
				USER_HEADER_SEARCH_PATHS = "";
				WRAPPER_EXTENSION = framework;
			};
			name = Release;
		};
		6C4944D814FD240F00481A91 /* Debug */ = {
			isa = XCBuildConfiguration;
			buildSettings = {
				ARCHS = "$(ARCHS_STANDARD_32_BIT)";
				PRODUCT_NAME = "$(TARGET_NAME)";
			};
			name = Debug;
		};
		6C4944D914FD240F00481A91 /* Release */ = {
			isa = XCBuildConfiguration;
			buildSettings = {
				ARCHS = "$(ARCHS_STANDARD_32_BIT)";
				PRODUCT_NAME = "$(TARGET_NAME)";
			};
			name = Release;
		};
/* End XCBuildConfiguration section */

/* Begin XCConfigurationList section */
		6C49449A14FD21C100481A91 /* Build configuration list for PBXProject "DAccL" */ = {
			isa = XCConfigurationList;
			buildConfigurations = (
				6C4944B414FD21C200481A91 /* Debug */,
				6C4944B514FD21C200481A91 /* Release */,
			);
			defaultConfigurationIsVisible = 0;
			defaultConfigurationName = Release;
		};
		6C4944B614FD21C200481A91 /* Build configuration list for PBXNativeTarget "DAccL" */ = {
			isa = XCConfigurationList;
			buildConfigurations = (
				6C4944B714FD21C200481A91 /* Debug */,
				6C4944B814FD21C200481A91 /* Release */,
			);
			defaultConfigurationIsVisible = 0;
			defaultConfigurationName = Release;
		};
		6C4944D714FD240F00481A91 /* Build configuration list for PBXNativeTarget "Test" */ = {
			isa = XCConfigurationList;
			buildConfigurations = (
				6C4944D814FD240F00481A91 /* Debug */,
				6C4944D914FD240F00481A91 /* Release */,
			);
			defaultConfigurationIsVisible = 0;
			defaultConfigurationName = Release;
		};
/* End XCConfigurationList section */
	};
	rootObject = 6C49449714FD21C100481A91 /* Project object */;
}
